// !$*UTF8*$!
{
	archiveVersion = 1;
	classes = {
	};
	objectVersion = 55;
	objects = {

/* Begin PBXBuildFile section */
		9252C6992869149E005586BC /* Tests_iOS.swift in Sources */ = {isa = PBXBuildFile; fileRef = 9252C6982869149E005586BC /* Tests_iOS.swift */; };
		9252C69B2869149E005586BC /* Tests_iOSLaunchTests.swift in Sources */ = {isa = PBXBuildFile; fileRef = 9252C69A2869149E005586BC /* Tests_iOSLaunchTests.swift */; };
		9252C6A52869149E005586BC /* Tests_macOS.swift in Sources */ = {isa = PBXBuildFile; fileRef = 9252C6A42869149E005586BC /* Tests_macOS.swift */; };
		9252C6A72869149E005586BC /* Tests_macOSLaunchTests.swift in Sources */ = {isa = PBXBuildFile; fileRef = 9252C6A62869149E005586BC /* Tests_macOSLaunchTests.swift */; };
		9252C6A82869149E005586BC /* AppApp.swift in Sources */ = {isa = PBXBuildFile; fileRef = 9252C6802869149D005586BC /* AppApp.swift */; };
		9252C6A92869149E005586BC /* AppApp.swift in Sources */ = {isa = PBXBuildFile; fileRef = 9252C6802869149D005586BC /* AppApp.swift */; };
		9252C6AA2869149E005586BC /* ContentView.swift in Sources */ = {isa = PBXBuildFile; fileRef = 9252C6812869149D005586BC /* ContentView.swift */; };
		9252C6AB2869149E005586BC /* ContentView.swift in Sources */ = {isa = PBXBuildFile; fileRef = 9252C6812869149D005586BC /* ContentView.swift */; };
		9252C6AC2869149E005586BC /* Assets.xcassets in Resources */ = {isa = PBXBuildFile; fileRef = 9252C6822869149E005586BC /* Assets.xcassets */; };
		9252C6AD2869149E005586BC /* Assets.xcassets in Resources */ = {isa = PBXBuildFile; fileRef = 9252C6822869149E005586BC /* Assets.xcassets */; };
		9274103728691F61001E7B6B /* libArkan.a in Frameworks */ = {isa = PBXBuildFile; fileRef = 9274103428691EB8001E7B6B /* libArkan.a */; };
		9274103E286931EA001E7B6B /* Arkan.swiftmodule in Resources */ = {isa = PBXBuildFile; fileRef = 9274103D286931E6001E7B6B /* Arkan.swiftmodule */; };
/* End PBXBuildFile section */

/* Begin PBXContainerItemProxy section */
		9252C6952869149E005586BC /* PBXContainerItemProxy */ = {
			isa = PBXContainerItemProxy;
			containerPortal = 9252C67B2869149D005586BC /* Project object */;
			proxyType = 1;
			remoteGlobalIDString = 9252C6862869149E005586BC;
			remoteInfo = "App (iOS)";
		};
		9252C6A12869149E005586BC /* PBXContainerItemProxy */ = {
			isa = PBXContainerItemProxy;
			containerPortal = 9252C67B2869149D005586BC /* Project object */;
			proxyType = 1;
			remoteGlobalIDString = 9252C68C2869149E005586BC;
			remoteInfo = "App (macOS)";
		};
/* End PBXContainerItemProxy section */

/* Begin PBXFileReference section */
		9252C6802869149D005586BC /* AppApp.swift */ = {isa = PBXFileReference; lastKnownFileType = sourcecode.swift; path = AppApp.swift; sourceTree = "<group>"; };
		9252C6812869149D005586BC /* ContentView.swift */ = {isa = PBXFileReference; lastKnownFileType = sourcecode.swift; path = ContentView.swift; sourceTree = "<group>"; };
		9252C6822869149E005586BC /* Assets.xcassets */ = {isa = PBXFileReference; lastKnownFileType = folder.assetcatalog; path = Assets.xcassets; sourceTree = "<group>"; };
		9252C6872869149E005586BC /* App.app */ = {isa = PBXFileReference; explicitFileType = wrapper.application; includeInIndex = 0; path = App.app; sourceTree = BUILT_PRODUCTS_DIR; };
		9252C68D2869149E005586BC /* App.app */ = {isa = PBXFileReference; explicitFileType = wrapper.application; includeInIndex = 0; path = App.app; sourceTree = BUILT_PRODUCTS_DIR; };
		9252C68F2869149E005586BC /* macOS.entitlements */ = {isa = PBXFileReference; lastKnownFileType = text.plist.entitlements; path = macOS.entitlements; sourceTree = "<group>"; };
		9252C6942869149E005586BC /* Tests iOS.xctest */ = {isa = PBXFileReference; explicitFileType = wrapper.cfbundle; includeInIndex = 0; path = "Tests iOS.xctest"; sourceTree = BUILT_PRODUCTS_DIR; };
		9252C6982869149E005586BC /* Tests_iOS.swift */ = {isa = PBXFileReference; lastKnownFileType = sourcecode.swift; path = Tests_iOS.swift; sourceTree = "<group>"; };
		9252C69A2869149E005586BC /* Tests_iOSLaunchTests.swift */ = {isa = PBXFileReference; lastKnownFileType = sourcecode.swift; path = Tests_iOSLaunchTests.swift; sourceTree = "<group>"; };
		9252C6A02869149E005586BC /* Tests macOS.xctest */ = {isa = PBXFileReference; explicitFileType = wrapper.cfbundle; includeInIndex = 0; path = "Tests macOS.xctest"; sourceTree = BUILT_PRODUCTS_DIR; };
		9252C6A42869149E005586BC /* Tests_macOS.swift */ = {isa = PBXFileReference; lastKnownFileType = sourcecode.swift; path = Tests_macOS.swift; sourceTree = "<group>"; };
		9252C6A62869149E005586BC /* Tests_macOSLaunchTests.swift */ = {isa = PBXFileReference; lastKnownFileType = sourcecode.swift; path = Tests_macOSLaunchTests.swift; sourceTree = "<group>"; };
		9274103428691EB8001E7B6B /* libArkan.a */ = {isa = PBXFileReference; lastKnownFileType = archive.ar; path = libArkan.a; sourceTree = "<group>"; };
		9274103D286931E6001E7B6B /* Arkan.swiftmodule */ = {isa = PBXFileReference; lastKnownFileType = folder; path = Arkan.swiftmodule; sourceTree = "<group>"; };
/* End PBXFileReference section */

/* Begin PBXFrameworksBuildPhase section */
		9252C6842869149E005586BC /* Frameworks */ = {
			isa = PBXFrameworksBuildPhase;
			buildActionMask = 2147483647;
			files = (
				9274103728691F61001E7B6B /* libArkan.a in Frameworks */,
			);
			runOnlyForDeploymentPostprocessing = 0;
		};
		9252C68A2869149E005586BC /* Frameworks */ = {
			isa = PBXFrameworksBuildPhase;
			buildActionMask = 2147483647;
			files = (
			);
			runOnlyForDeploymentPostprocessing = 0;
		};
		9252C6912869149E005586BC /* Frameworks */ = {
			isa = PBXFrameworksBuildPhase;
			buildActionMask = 2147483647;
			files = (
			);
			runOnlyForDeploymentPostprocessing = 0;
		};
		9252C69D2869149E005586BC /* Frameworks */ = {
			isa = PBXFrameworksBuildPhase;
			buildActionMask = 2147483647;
			files = (
			);
			runOnlyForDeploymentPostprocessing = 0;
		};
/* End PBXFrameworksBuildPhase section */

/* Begin PBXGroup section */
		9252C67A2869149D005586BC = {
			isa = PBXGroup;
			children = (
				9252C67F2869149D005586BC /* Shared */,
				9252C68E2869149E005586BC /* macOS */,
				9252C6972869149E005586BC /* Tests iOS */,
				9252C6A32869149E005586BC /* Tests macOS */,
				9252C6882869149E005586BC /* Products */,
				9252C6BC286914DC005586BC /* Frameworks */,
			);
			sourceTree = "<group>";
		};
		9252C67F2869149D005586BC /* Shared */ = {
			isa = PBXGroup;
			children = (
				9252C6802869149D005586BC /* AppApp.swift */,
				9252C6812869149D005586BC /* ContentView.swift */,
				9252C6822869149E005586BC /* Assets.xcassets */,
			);
			path = Shared;
			sourceTree = "<group>";
		};
		9252C6882869149E005586BC /* Products */ = {
			isa = PBXGroup;
			children = (
				9252C6872869149E005586BC /* App.app */,
				9252C68D2869149E005586BC /* App.app */,
				9252C6942869149E005586BC /* Tests iOS.xctest */,
				9252C6A02869149E005586BC /* Tests macOS.xctest */,
			);
			name = Products;
			sourceTree = "<group>";
		};
		9252C68E2869149E005586BC /* macOS */ = {
			isa = PBXGroup;
			children = (
				9252C68F2869149E005586BC /* macOS.entitlements */,
			);
			path = macOS;
			sourceTree = "<group>";
		};
		9252C6972869149E005586BC /* Tests iOS */ = {
			isa = PBXGroup;
			children = (
				9252C6982869149E005586BC /* Tests_iOS.swift */,
				9252C69A2869149E005586BC /* Tests_iOSLaunchTests.swift */,
			);
			path = "Tests iOS";
			sourceTree = "<group>";
		};
		9252C6A32869149E005586BC /* Tests macOS */ = {
			isa = PBXGroup;
			children = (
				9252C6A42869149E005586BC /* Tests_macOS.swift */,
				9252C6A62869149E005586BC /* Tests_macOSLaunchTests.swift */,
			);
			path = "Tests macOS";
			sourceTree = "<group>";
		};
		9252C6BC286914DC005586BC /* Frameworks */ = {
			isa = PBXGroup;
			children = (
				9274103D286931E6001E7B6B /* Arkan.swiftmodule */,
				9274103428691EB8001E7B6B /* libArkan.a */,
			);
			name = Frameworks;
			sourceTree = "<group>";
		};
/* End PBXGroup section */

/* Begin PBXNativeTarget section */
		9252C6862869149E005586BC /* App (iOS) */ = {
			isa = PBXNativeTarget;
			buildConfigurationList = 9252C6B02869149E005586BC /* Build configuration list for PBXNativeTarget "App (iOS)" */;
			buildPhases = (
				9252C6832869149E005586BC /* Sources */,
				9252C6842869149E005586BC /* Frameworks */,
				9252C6852869149E005586BC /* Resources */,
			);
			buildRules = (
			);
			dependencies = (
			);
			name = "App (iOS)";
			productName = "App (iOS)";
			productReference = 9252C6872869149E005586BC /* App.app */;
			productType = "com.apple.product-type.application";
		};
		9252C68C2869149E005586BC /* App (macOS) */ = {
			isa = PBXNativeTarget;
			buildConfigurationList = 9252C6B32869149E005586BC /* Build configuration list for PBXNativeTarget "App (macOS)" */;
			buildPhases = (
				9252C6892869149E005586BC /* Sources */,
				9252C68A2869149E005586BC /* Frameworks */,
				9252C68B2869149E005586BC /* Resources */,
			);
			buildRules = (
			);
			dependencies = (
			);
			name = "App (macOS)";
			productName = "App (macOS)";
			productReference = 9252C68D2869149E005586BC /* App.app */;
			productType = "com.apple.product-type.application";
		};
		9252C6932869149E005586BC /* Tests iOS */ = {
			isa = PBXNativeTarget;
			buildConfigurationList = 9252C6B62869149E005586BC /* Build configuration list for PBXNativeTarget "Tests iOS" */;
			buildPhases = (
				9252C6902869149E005586BC /* Sources */,
				9252C6912869149E005586BC /* Frameworks */,
				9252C6922869149E005586BC /* Resources */,
			);
			buildRules = (
			);
			dependencies = (
				9252C6962869149E005586BC /* PBXTargetDependency */,
			);
			name = "Tests iOS";
			productName = "Tests iOS";
			productReference = 9252C6942869149E005586BC /* Tests iOS.xctest */;
			productType = "com.apple.product-type.bundle.ui-testing";
		};
		9252C69F2869149E005586BC /* Tests macOS */ = {
			isa = PBXNativeTarget;
			buildConfigurationList = 9252C6B92869149E005586BC /* Build configuration list for PBXNativeTarget "Tests macOS" */;
			buildPhases = (
				9252C69C2869149E005586BC /* Sources */,
				9252C69D2869149E005586BC /* Frameworks */,
				9252C69E2869149E005586BC /* Resources */,
			);
			buildRules = (
			);
			dependencies = (
				9252C6A22869149E005586BC /* PBXTargetDependency */,
			);
			name = "Tests macOS";
			productName = "Tests macOS";
			productReference = 9252C6A02869149E005586BC /* Tests macOS.xctest */;
			productType = "com.apple.product-type.bundle.ui-testing";
		};
/* End PBXNativeTarget section */

/* Begin PBXProject section */
		9252C67B2869149D005586BC /* Project object */ = {
			isa = PBXProject;
			attributes = {
				BuildIndependentTargetsInParallel = 1;
				LastSwiftUpdateCheck = 1340;
				LastUpgradeCheck = 1340;
				TargetAttributes = {
					9252C6862869149E005586BC = {
						CreatedOnToolsVersion = 13.4.1;
					};
					9252C68C2869149E005586BC = {
						CreatedOnToolsVersion = 13.4.1;
					};
					9252C6932869149E005586BC = {
						CreatedOnToolsVersion = 13.4.1;
						TestTargetID = 9252C6862869149E005586BC;
					};
					9252C69F2869149E005586BC = {
						CreatedOnToolsVersion = 13.4.1;
						TestTargetID = 9252C68C2869149E005586BC;
					};
				};
			};
			buildConfigurationList = 9252C67E2869149D005586BC /* Build configuration list for PBXProject "App" */;
			compatibilityVersion = "Xcode 13.0";
			developmentRegion = en;
			hasScannedForEncodings = 0;
			knownRegions = (
				en,
				Base,
			);
			mainGroup = 9252C67A2869149D005586BC;
			productRefGroup = 9252C6882869149E005586BC /* Products */;
			projectDirPath = "";
			projectRoot = "";
			targets = (
				9252C6862869149E005586BC /* App (iOS) */,
				9252C68C2869149E005586BC /* App (macOS) */,
				9252C6932869149E005586BC /* Tests iOS */,
				9252C69F2869149E005586BC /* Tests macOS */,
			);
		};
/* End PBXProject section */

/* Begin PBXResourcesBuildPhase section */
		9252C6852869149E005586BC /* Resources */ = {
			isa = PBXResourcesBuildPhase;
			buildActionMask = 2147483647;
			files = (
				9252C6AC2869149E005586BC /* Assets.xcassets in Resources */,
				9274103E286931EA001E7B6B /* Arkan.swiftmodule in Resources */,
			);
			runOnlyForDeploymentPostprocessing = 0;
		};
		9252C68B2869149E005586BC /* Resources */ = {
			isa = PBXResourcesBuildPhase;
			buildActionMask = 2147483647;
			files = (
				9252C6AD2869149E005586BC /* Assets.xcassets in Resources */,
			);
			runOnlyForDeploymentPostprocessing = 0;
		};
		9252C6922869149E005586BC /* Resources */ = {
			isa = PBXResourcesBuildPhase;
			buildActionMask = 2147483647;
			files = (
			);
			runOnlyForDeploymentPostprocessing = 0;
		};
		9252C69E2869149E005586BC /* Resources */ = {
			isa = PBXResourcesBuildPhase;
			buildActionMask = 2147483647;
			files = (
			);
			runOnlyForDeploymentPostprocessing = 0;
		};
/* End PBXResourcesBuildPhase section */

/* Begin PBXSourcesBuildPhase section */
		9252C6832869149E005586BC /* Sources */ = {
			isa = PBXSourcesBuildPhase;
			buildActionMask = 2147483647;
			files = (
				9252C6AA2869149E005586BC /* ContentView.swift in Sources */,
				9252C6A82869149E005586BC /* AppApp.swift in Sources */,
			);
			runOnlyForDeploymentPostprocessing = 0;
		};
		9252C6892869149E005586BC /* Sources */ = {
			isa = PBXSourcesBuildPhase;
			buildActionMask = 2147483647;
			files = (
				9252C6AB2869149E005586BC /* ContentView.swift in Sources */,
				9252C6A92869149E005586BC /* AppApp.swift in Sources */,
			);
			runOnlyForDeploymentPostprocessing = 0;
		};
		9252C6902869149E005586BC /* Sources */ = {
			isa = PBXSourcesBuildPhase;
			buildActionMask = 2147483647;
			files = (
				9252C69B2869149E005586BC /* Tests_iOSLaunchTests.swift in Sources */,
				9252C6992869149E005586BC /* Tests_iOS.swift in Sources */,
			);
			runOnlyForDeploymentPostprocessing = 0;
		};
		9252C69C2869149E005586BC /* Sources */ = {
			isa = PBXSourcesBuildPhase;
			buildActionMask = 2147483647;
			files = (
				9252C6A72869149E005586BC /* Tests_macOSLaunchTests.swift in Sources */,
				9252C6A52869149E005586BC /* Tests_macOS.swift in Sources */,
			);
			runOnlyForDeploymentPostprocessing = 0;
		};
/* End PBXSourcesBuildPhase section */

/* Begin PBXTargetDependency section */
		9252C6962869149E005586BC /* PBXTargetDependency */ = {
			isa = PBXTargetDependency;
			target = 9252C6862869149E005586BC /* App (iOS) */;
			targetProxy = 9252C6952869149E005586BC /* PBXContainerItemProxy */;
		};
		9252C6A22869149E005586BC /* PBXTargetDependency */ = {
			isa = PBXTargetDependency;
			target = 9252C68C2869149E005586BC /* App (macOS) */;
			targetProxy = 9252C6A12869149E005586BC /* PBXContainerItemProxy */;
		};
/* End PBXTargetDependency section */

/* Begin XCBuildConfiguration section */
		9252C6AE2869149E005586BC /* Debug */ = {
			isa = XCBuildConfiguration;
			buildSettings = {
				ALWAYS_SEARCH_USER_PATHS = NO;
				CLANG_ANALYZER_NONNULL = YES;
				CLANG_ANALYZER_NUMBER_OBJECT_CONVERSION = YES_AGGRESSIVE;
				CLANG_CXX_LANGUAGE_STANDARD = "gnu++17";
				CLANG_ENABLE_MODULES = YES;
				CLANG_ENABLE_OBJC_ARC = YES;
				CLANG_ENABLE_OBJC_WEAK = YES;
				CLANG_WARN_BLOCK_CAPTURE_AUTORELEASING = YES;
				CLANG_WARN_BOOL_CONVERSION = YES;
				CLANG_WARN_COMMA = YES;
				CLANG_WARN_CONSTANT_CONVERSION = YES;
				CLANG_WARN_DEPRECATED_OBJC_IMPLEMENTATIONS = YES;
				CLANG_WARN_DIRECT_OBJC_ISA_USAGE = YES_ERROR;
				CLANG_WARN_DOCUMENTATION_COMMENTS = YES;
				CLANG_WARN_EMPTY_BODY = YES;
				CLANG_WARN_ENUM_CONVERSION = YES;
				CLANG_WARN_INFINITE_RECURSION = YES;
				CLANG_WARN_INT_CONVERSION = YES;
				CLANG_WARN_NON_LITERAL_NULL_CONVERSION = YES;
				CLANG_WARN_OBJC_IMPLICIT_RETAIN_SELF = YES;
				CLANG_WARN_OBJC_LITERAL_CONVERSION = YES;
				CLANG_WARN_OBJC_ROOT_CLASS = YES_ERROR;
				CLANG_WARN_QUOTED_INCLUDE_IN_FRAMEWORK_HEADER = YES;
				CLANG_WARN_RANGE_LOOP_ANALYSIS = YES;
				CLANG_WARN_STRICT_PROTOTYPES = YES;
				CLANG_WARN_SUSPICIOUS_MOVE = YES;
				CLANG_WARN_UNGUARDED_AVAILABILITY = YES_AGGRESSIVE;
				CLANG_WARN_UNREACHABLE_CODE = YES;
				CLANG_WARN__DUPLICATE_METHOD_MATCH = YES;
				COPY_PHASE_STRIP = NO;
				DEBUG_INFORMATION_FORMAT = dwarf;
				ENABLE_STRICT_OBJC_MSGSEND = YES;
				ENABLE_TESTABILITY = YES;
				GCC_C_LANGUAGE_STANDARD = gnu11;
				GCC_DYNAMIC_NO_PIC = NO;
				GCC_NO_COMMON_BLOCKS = YES;
				GCC_OPTIMIZATION_LEVEL = 0;
				GCC_PREPROCESSOR_DEFINITIONS = (
					"DEBUG=1",
					"$(inherited)",
				);
				GCC_WARN_64_TO_32_BIT_CONVERSION = YES;
				GCC_WARN_ABOUT_RETURN_TYPE = YES_ERROR;
				GCC_WARN_UNDECLARED_SELECTOR = YES;
				GCC_WARN_UNINITIALIZED_AUTOS = YES_AGGRESSIVE;
				GCC_WARN_UNUSED_FUNCTION = YES;
				GCC_WARN_UNUSED_VARIABLE = YES;
				MTL_ENABLE_DEBUG_INFO = INCLUDE_SOURCE;
				MTL_FAST_MATH = YES;
				ONLY_ACTIVE_ARCH = YES;
				SWIFT_ACTIVE_COMPILATION_CONDITIONS = DEBUG;
				SWIFT_OPTIMIZATION_LEVEL = "-Onone";
			};
			name = Debug;
		};
		9252C6AF2869149E005586BC /* Release */ = {
			isa = XCBuildConfiguration;
			buildSettings = {
				ALWAYS_SEARCH_USER_PATHS = NO;
				CLANG_ANALYZER_NONNULL = YES;
				CLANG_ANALYZER_NUMBER_OBJECT_CONVERSION = YES_AGGRESSIVE;
				CLANG_CXX_LANGUAGE_STANDARD = "gnu++17";
				CLANG_ENABLE_MODULES = YES;
				CLANG_ENABLE_OBJC_ARC = YES;
				CLANG_ENABLE_OBJC_WEAK = YES;
				CLANG_WARN_BLOCK_CAPTURE_AUTORELEASING = YES;
				CLANG_WARN_BOOL_CONVERSION = YES;
				CLANG_WARN_COMMA = YES;
				CLANG_WARN_CONSTANT_CONVERSION = YES;
				CLANG_WARN_DEPRECATED_OBJC_IMPLEMENTATIONS = YES;
				CLANG_WARN_DIRECT_OBJC_ISA_USAGE = YES_ERROR;
				CLANG_WARN_DOCUMENTATION_COMMENTS = YES;
				CLANG_WARN_EMPTY_BODY = YES;
				CLANG_WARN_ENUM_CONVERSION = YES;
				CLANG_WARN_INFINITE_RECURSION = YES;
				CLANG_WARN_INT_CONVERSION = YES;
				CLANG_WARN_NON_LITERAL_NULL_CONVERSION = YES;
				CLANG_WARN_OBJC_IMPLICIT_RETAIN_SELF = YES;
				CLANG_WARN_OBJC_LITERAL_CONVERSION = YES;
				CLANG_WARN_OBJC_ROOT_CLASS = YES_ERROR;
				CLANG_WARN_QUOTED_INCLUDE_IN_FRAMEWORK_HEADER = YES;
				CLANG_WARN_RANGE_LOOP_ANALYSIS = YES;
				CLANG_WARN_STRICT_PROTOTYPES = YES;
				CLANG_WARN_SUSPICIOUS_MOVE = YES;
				CLANG_WARN_UNGUARDED_AVAILABILITY = YES_AGGRESSIVE;
				CLANG_WARN_UNREACHABLE_CODE = YES;
				CLANG_WARN__DUPLICATE_METHOD_MATCH = YES;
				COPY_PHASE_STRIP = NO;
				DEBUG_INFORMATION_FORMAT = "dwarf-with-dsym";
				ENABLE_NS_ASSERTIONS = NO;
				ENABLE_STRICT_OBJC_MSGSEND = YES;
				GCC_C_LANGUAGE_STANDARD = gnu11;
				GCC_NO_COMMON_BLOCKS = YES;
				GCC_WARN_64_TO_32_BIT_CONVERSION = YES;
				GCC_WARN_ABOUT_RETURN_TYPE = YES_ERROR;
				GCC_WARN_UNDECLARED_SELECTOR = YES;
				GCC_WARN_UNINITIALIZED_AUTOS = YES_AGGRESSIVE;
				GCC_WARN_UNUSED_FUNCTION = YES;
				GCC_WARN_UNUSED_VARIABLE = YES;
				MTL_ENABLE_DEBUG_INFO = NO;
				MTL_FAST_MATH = YES;
				SWIFT_COMPILATION_MODE = wholemodule;
				SWIFT_OPTIMIZATION_LEVEL = "-O";
			};
			name = Release;
		};
		9252C6B12869149E005586BC /* Debug */ = {
			isa = XCBuildConfiguration;
			buildSettings = {
				ASSETCATALOG_COMPILER_APPICON_NAME = AppIcon;
				ASSETCATALOG_COMPILER_GLOBAL_ACCENT_COLOR_NAME = AccentColor;
				CODE_SIGN_STYLE = Automatic;
				CURRENT_PROJECT_VERSION = 1;
				DEVELOPMENT_TEAM = 2NGTZPS2D4;
				ENABLE_PREVIEWS = YES;
				GENERATE_INFOPLIST_FILE = YES;
				INFOPLIST_KEY_UIApplicationSceneManifest_Generation = YES;
				INFOPLIST_KEY_UIApplicationSupportsIndirectInputEvents = YES;
				INFOPLIST_KEY_UILaunchScreen_Generation = YES;
				INFOPLIST_KEY_UISupportedInterfaceOrientations_iPad = "UIInterfaceOrientationPortrait UIInterfaceOrientationPortraitUpsideDown UIInterfaceOrientationLandscapeLeft UIInterfaceOrientationLandscapeRight";
				INFOPLIST_KEY_UISupportedInterfaceOrientations_iPhone = "UIInterfaceOrientationPortrait UIInterfaceOrientationLandscapeLeft UIInterfaceOrientationLandscapeRight";
				IPHONEOS_DEPLOYMENT_TARGET = 15.5;
				LD_RUNPATH_SEARCH_PATHS = (
					"$(inherited)",
					"@executable_path/Frameworks",
				);
				LIBRARY_SEARCH_PATHS = (
					"$(inherited)",
					"$(PROJECT_DIR)",
				);
				MARKETING_VERSION = 1.0;
				PRODUCT_BUNDLE_IDENTIFIER = com.KleinStein.App;
				PRODUCT_NAME = App;
				SDKROOT = iphoneos;
				SWIFT_EMIT_LOC_STRINGS = YES;
				SWIFT_VERSION = 5.0;
				TARGETED_DEVICE_FAMILY = "1,2";
				VALIDATE_WORKSPACE = YES;
			};
			name = Debug;
		};
		9252C6B22869149E005586BC /* Release */ = {
			isa = XCBuildConfiguration;
			buildSettings = {
				ASSETCATALOG_COMPILER_APPICON_NAME = AppIcon;
				ASSETCATALOG_COMPILER_GLOBAL_ACCENT_COLOR_NAME = AccentColor;
				CODE_SIGN_STYLE = Automatic;
				CURRENT_PROJECT_VERSION = 1;
				DEVELOPMENT_TEAM = 2NGTZPS2D4;
				ENABLE_PREVIEWS = YES;
				GENERATE_INFOPLIST_FILE = YES;
				INFOPLIST_KEY_UIApplicationSceneManifest_Generation = YES;
				INFOPLIST_KEY_UIApplicationSupportsIndirectInputEvents = YES;
				INFOPLIST_KEY_UILaunchScreen_Generation = YES;
				INFOPLIST_KEY_UISupportedInterfaceOrientations_iPad = "UIInterfaceOrientationPortrait UIInterfaceOrientationPortraitUpsideDown UIInterfaceOrientationLandscapeLeft UIInterfaceOrientationLandscapeRight";
				INFOPLIST_KEY_UISupportedInterfaceOrientations_iPhone = "UIInterfaceOrientationPortrait UIInterfaceOrientationLandscapeLeft UIInterfaceOrientationLandscapeRight";
				IPHONEOS_DEPLOYMENT_TARGET = 15.5;
				LD_RUNPATH_SEARCH_PATHS = (
					"$(inherited)",
					"@executable_path/Frameworks",
				);
				LIBRARY_SEARCH_PATHS = (
					"$(inherited)",
					"$(PROJECT_DIR)",
				);
				MARKETING_VERSION = 1.0;
				PRODUCT_BUNDLE_IDENTIFIER = com.KleinStein.App;
				PRODUCT_NAME = App;
				SDKROOT = iphoneos;
				SWIFT_EMIT_LOC_STRINGS = YES;
				SWIFT_VERSION = 5.0;
				TARGETED_DEVICE_FAMILY = "1,2";
				VALIDATE_PRODUCT = YES;
				VALIDATE_WORKSPACE = YES;
			};
			name = Release;
		};
		9252C6B42869149E005586BC /* Debug */ = {
			isa = XCBuildConfiguration;
			buildSettings = {
				ASSETCATALOG_COMPILER_APPICON_NAME = AppIcon;
				ASSETCATALOG_COMPILER_GLOBAL_ACCENT_COLOR_NAME = AccentColor;
				CODE_SIGN_ENTITLEMENTS = macOS/macOS.entitlements;
				CODE_SIGN_STYLE = Automatic;
				COMBINE_HIDPI_IMAGES = YES;
				CURRENT_PROJECT_VERSION = 1;
				DEVELOPMENT_TEAM = 2NGTZPS2D4;
				ENABLE_HARDENED_RUNTIME = YES;
				ENABLE_PREVIEWS = YES;
				GENERATE_INFOPLIST_FILE = YES;
				INFOPLIST_KEY_NSHumanReadableCopyright = "";
				LD_RUNPATH_SEARCH_PATHS = (
					"$(inherited)",
					"@executable_path/../Frameworks",
				);
				MACOSX_DEPLOYMENT_TARGET = 12.3;
				MARKETING_VERSION = 1.0;
				PRODUCT_BUNDLE_IDENTIFIER = com.KleinStein.App;
				PRODUCT_NAME = App;
				SDKROOT = macosx;
				SWIFT_EMIT_LOC_STRINGS = YES;
				SWIFT_VERSION = 5.0;
			};
			name = Debug;
		};
		9252C6B52869149E005586BC /* Release */ = {
			isa = XCBuildConfiguration;
			buildSettings = {
				ASSETCATALOG_COMPILER_APPICON_NAME = AppIcon;
				ASSETCATALOG_COMPILER_GLOBAL_ACCENT_COLOR_NAME = AccentColor;
				CODE_SIGN_ENTITLEMENTS = macOS/macOS.entitlements;
				CODE_SIGN_STYLE = Automatic;
				COMBINE_HIDPI_IMAGES = YES;
				CURRENT_PROJECT_VERSION = 1;
				DEVELOPMENT_TEAM = 2NGTZPS2D4;
				ENABLE_HARDENED_RUNTIME = YES;
				ENABLE_PREVIEWS = YES;
				GENERATE_INFOPLIST_FILE = YES;
				INFOPLIST_KEY_NSHumanReadableCopyright = "";
				LD_RUNPATH_SEARCH_PATHS = (
					"$(inherited)",
					"@executable_path/../Frameworks",
				);
				MACOSX_DEPLOYMENT_TARGET = 12.3;
				MARKETING_VERSION = 1.0;
				PRODUCT_BUNDLE_IDENTIFIER = com.KleinStein.App;
				PRODUCT_NAME = App;
				SDKROOT = macosx;
				SWIFT_EMIT_LOC_STRINGS = YES;
				SWIFT_VERSION = 5.0;
			};
			name = Release;
		};
		9252C6B72869149E005586BC /* Debug */ = {
			isa = XCBuildConfiguration;
			buildSettings = {
				ALWAYS_EMBED_SWIFT_STANDARD_LIBRARIES = YES;
				CODE_SIGN_STYLE = Automatic;
				CURRENT_PROJECT_VERSION = 1;
				DEVELOPMENT_TEAM = 2NGTZPS2D4;
				GENERATE_INFOPLIST_FILE = YES;
				IPHONEOS_DEPLOYMENT_TARGET = 15.5;
				MARKETING_VERSION = 1.0;
				PRODUCT_BUNDLE_IDENTIFIER = "com.KleinStein.Tests-iOS";
				PRODUCT_NAME = "$(TARGET_NAME)";
				SDKROOT = iphoneos;
				SWIFT_EMIT_LOC_STRINGS = NO;
				SWIFT_VERSION = 5.0;
				TARGETED_DEVICE_FAMILY = "1,2";
				TEST_TARGET_NAME = "App (iOS)";
			};
			name = Debug;
		};
		9252C6B82869149E005586BC /* Release */ = {
			isa = XCBuildConfiguration;
			buildSettings = {
				ALWAYS_EMBED_SWIFT_STANDARD_LIBRARIES = YES;
				CODE_SIGN_STYLE = Automatic;
				CURRENT_PROJECT_VERSION = 1;
				DEVELOPMENT_TEAM = 2NGTZPS2D4;
				GENERATE_INFOPLIST_FILE = YES;
				IPHONEOS_DEPLOYMENT_TARGET = 15.5;
				MARKETING_VERSION = 1.0;
				PRODUCT_BUNDLE_IDENTIFIER = "com.KleinStein.Tests-iOS";
				PRODUCT_NAME = "$(TARGET_NAME)";
				SDKROOT = iphoneos;
				SWIFT_EMIT_LOC_STRINGS = NO;
				SWIFT_VERSION = 5.0;
				TARGETED_DEVICE_FAMILY = "1,2";
				TEST_TARGET_NAME = "App (iOS)";
				VALIDATE_PRODUCT = YES;
			};
			name = Release;
		};
		9252C6BA2869149E005586BC /* Debug */ = {
			isa = XCBuildConfiguration;
			buildSettings = {
				ALWAYS_EMBED_SWIFT_STANDARD_LIBRARIES = YES;
				CODE_SIGN_STYLE = Automatic;
				CURRENT_PROJECT_VERSION = 1;
				DEVELOPMENT_TEAM = 2NGTZPS2D4;
				GENERATE_INFOPLIST_FILE = YES;
				MACOSX_DEPLOYMENT_TARGET = 12.3;
				MARKETING_VERSION = 1.0;
				PRODUCT_BUNDLE_IDENTIFIER = "com.KleinStein.Tests-macOS";
				PRODUCT_NAME = "$(TARGET_NAME)";
				SDKROOT = macosx;
				SWIFT_EMIT_LOC_STRINGS = NO;
				SWIFT_VERSION = 5.0;
				TEST_TARGET_NAME = "App (macOS)";
			};
			name = Debug;
		};
		9252C6BB2869149E005586BC /* Release */ = {
			isa = XCBuildConfiguration;
			buildSettings = {
				ALWAYS_EMBED_SWIFT_STANDARD_LIBRARIES = YES;
				CODE_SIGN_STYLE = Automatic;
				CURRENT_PROJECT_VERSION = 1;
				DEVELOPMENT_TEAM = 2NGTZPS2D4;
				GENERATE_INFOPLIST_FILE = YES;
				MACOSX_DEPLOYMENT_TARGET = 12.3;
				MARKETING_VERSION = 1.0;
				PRODUCT_BUNDLE_IDENTIFIER = "com.KleinStein.Tests-macOS";
				PRODUCT_NAME = "$(TARGET_NAME)";
				SDKROOT = macosx;
				SWIFT_EMIT_LOC_STRINGS = NO;
				SWIFT_VERSION = 5.0;
				TEST_TARGET_NAME = "App (macOS)";
			};
			name = Release;
		};
/* End XCBuildConfiguration section */

/* Begin XCConfigurationList section */
		9252C67E2869149D005586BC /* Build configuration list for PBXProject "App" */ = {
			isa = XCConfigurationList;
			buildConfigurations = (
				9252C6AE2869149E005586BC /* Debug */,
				9252C6AF2869149E005586BC /* Release */,
			);
			defaultConfigurationIsVisible = 0;
			defaultConfigurationName = Release;
		};
		9252C6B02869149E005586BC /* Build configuration list for PBXNativeTarget "App (iOS)" */ = {
			isa = XCConfigurationList;
			buildConfigurations = (
				9252C6B12869149E005586BC /* Debug */,
				9252C6B22869149E005586BC /* Release */,
			);
			defaultConfigurationIsVisible = 0;
			defaultConfigurationName = Release;
		};
		9252C6B32869149E005586BC /* Build configuration list for PBXNativeTarget "App (macOS)" */ = {
			isa = XCConfigurationList;
			buildConfigurations = (
				9252C6B42869149E005586BC /* Debug */,
				9252C6B52869149E005586BC /* Release */,
			);
			defaultConfigurationIsVisible = 0;
			defaultConfigurationName = Release;
		};
		9252C6B62869149E005586BC /* Build configuration list for PBXNativeTarget "Tests iOS" */ = {
			isa = XCConfigurationList;
			buildConfigurations = (
				9252C6B72869149E005586BC /* Debug */,
				9252C6B82869149E005586BC /* Release */,
			);
			defaultConfigurationIsVisible = 0;
			defaultConfigurationName = Release;
		};
		9252C6B92869149E005586BC /* Build configuration list for PBXNativeTarget "Tests macOS" */ = {
			isa = XCConfigurationList;
			buildConfigurations = (
				9252C6BA2869149E005586BC /* Debug */,
				9252C6BB2869149E005586BC /* Release */,
			);
			defaultConfigurationIsVisible = 0;
			defaultConfigurationName = Release;
		};
/* End XCConfigurationList section */
	};
	rootObject = 9252C67B2869149D005586BC /* Project object */;
}
